
Microsoft Visual Studio Solution File, Format Version 12.00
# Visual Studio Version 16
VisualStudioVersion = 16.0.31112.23
MinimumVisualStudioVersion = 10.0.40219.1
Project("{FAE04EC0-301F-11D3-BF4B-00C04F79EFBC}") = "TurkoBEY.Matrisler.Toplama.Cikarma.Carpma", "TurkoBEY.Matrislerde.Toplama\TurkoBEY.Matrisler.Toplama.Cikarma.Carpma.csproj", "{6430FBD4-D770-42C2-B97D-B719F13D03FB}"
EndProject
Global
	GlobalSection(SolutionConfigurationPlatforms) = preSolution
		Debug|Any CPU = Debug|Any CPU
		Release|Any CPU = Release|Any CPU
	EndGlobalSection
	GlobalSection(ProjectConfigurationPlatforms) = postSolution
		{6430FBD4-D770-42C2-B97D-B719F13D03FB}.Debug|Any CPU.ActiveCfg = Debug|Any CPU
		{6430FBD4-D770-42C2-B97D-B719F13D03FB}.Debug|Any CPU.Build.0 = Debug|Any CPU
		{6430FBD4-D770-42C2-B97D-B719F13D03FB}.Release|Any CPU.ActiveCfg = Release|Any CPU
		{6430FBD4-D770-42C2-B97D-B719F13D03FB}.Release|Any CPU.Build.0 = Release|Any CPU
	EndGlobalSection
	GlobalSection(SolutionProperties) = preSolution
		HideSolutionNode = FALSE
	EndGlobalSection
	GlobalSection(ExtensibilityGlobals) = postSolution
		SolutionGuid = {BDB03C10-9E42-4281-888A-752DECB98632}
	EndGlobalSection
EndGlobal
